
Microsoft Visual Studio Solution File, Format Version 12.00
# Visual Studio Version 17
VisualStudioVersion = 17.4.33213.308
MinimumVisualStudioVersion = 10.0.40219.1
Project("{FAE04EC0-301F-11D3-BF4B-00C04F79EFBC}") = "workload-identity-frontend-dotnet7", "workload-identity-frontend-dotnet7.csproj", "{DF4AAF87-2438-4369-8005-25795A10E285}"
EndProject
Global
	GlobalSection(SolutionConfigurationPlatforms) = preSolution
		Debug|Any CPU = Debug|Any CPU
		Release|Any CPU = Release|Any CPU
	EndGlobalSection
	GlobalSection(ProjectConfigurationPlatforms) = postSolution
		{DF4AAF87-2438-4369-8005-25795A10E285}.Debug|Any CPU.ActiveCfg = Debug|Any CPU
		{DF4AAF87-2438-4369-8005-25795A10E285}.Debug|Any CPU.Build.0 = Debug|Any CPU
		{DF4AAF87-2438-4369-8005-25795A10E285}.Release|Any CPU.ActiveCfg = Release|Any CPU
		{DF4AAF87-2438-4369-8005-25795A10E285}.Release|Any CPU.Build.0 = Release|Any CPU
	EndGlobalSection
	GlobalSection(SolutionProperties) = preSolution
		HideSolutionNode = FALSE
	EndGlobalSection
	GlobalSection(ExtensibilityGlobals) = postSolution
		SolutionGuid = {1574C469-9920-48A4-AB83-0178DFEE87C8}
	EndGlobalSection
EndGlobal
