
Microsoft Visual Studio Solution File, Format Version 12.00
# Visual Studio Version 17
VisualStudioVersion = 17.1.32421.90
MinimumVisualStudioVersion = 10.0.40219.1
Project("{FAE04EC0-301F-11D3-BF4B-00C04F79EFBC}") = "workload-identity-backend", "workload-identity-backend.csproj", "{A97FCB88-1397-4BD0-B783-5B03FAF4B6DE}"
EndProject
Global
	GlobalSection(SolutionConfigurationPlatforms) = preSolution
		Debug|Any CPU = Debug|Any CPU
		Release|Any CPU = Release|Any CPU
	EndGlobalSection
	GlobalSection(ProjectConfigurationPlatforms) = postSolution
		{A97FCB88-1397-4BD0-B783-5B03FAF4B6DE}.Debug|Any CPU.ActiveCfg = Debug|Any CPU
		{A97FCB88-1397-4BD0-B783-5B03FAF4B6DE}.Debug|Any CPU.Build.0 = Debug|Any CPU
		{A97FCB88-1397-4BD0-B783-5B03FAF4B6DE}.Release|Any CPU.ActiveCfg = Release|Any CPU
		{A97FCB88-1397-4BD0-B783-5B03FAF4B6DE}.Release|Any CPU.Build.0 = Release|Any CPU
	EndGlobalSection
	GlobalSection(SolutionProperties) = preSolution
		HideSolutionNode = FALSE
	EndGlobalSection
	GlobalSection(ExtensibilityGlobals) = postSolution
		SolutionGuid = {5C4DB7C8-D656-41C9-9896-DF54A803CACF}
	EndGlobalSection
EndGlobal
